{
  "nodes": {
    "flake-utils": {
      "inputs": {
        "systems": "systems"
      },
      "locked": {
        "lastModified": 1731533236,
        "narHash": "sha256-l0KFg5HjrsfsO/JpG+r7fRrqm12kzFHyUHqHCVpMMbI=",
        "owner": "numtide",
        "repo": "flake-utils",
        "rev": "11707dc2f618dd54ca8739b309ec4fc024de578b",
        "type": "github"
      },
      "original": {
        "owner": "numtide",
        "repo": "flake-utils",
        "type": "github"
      }
    },
    "flake-utils_2": {
      "inputs": {
        "systems": "systems_2"
      },
      "locked": {
        "lastModified": 1731533236,
        "narHash": "sha256-l0KFg5HjrsfsO/JpG+r7fRrqm12kzFHyUHqHCVpMMbI=",
        "owner": "numtide",
        "repo": "flake-utils",
        "rev": "11707dc2f618dd54ca8739b309ec4fc024de578b",
        "type": "github"
      },
      "original": {
        "owner": "numtide",
        "repo": "flake-utils",
        "type": "github"
      }
    },
    "nixpkgs": {
      "locked": {
        "lastModified": 1760533177,
        "narHash": "sha256-OwM1sFustLHx+xmTymhucZuNhtq98fHIbfO8Swm5L8A=",
        "owner": "nixos",
        "repo": "nixpkgs",
        "rev": "35f590344ff791e6b1d6d6b8f3523467c9217caf",
        "type": "github"
      },
      "original": {
        "owner": "nixos",
        "ref": "nixpkgs-unstable",
        "repo": "nixpkgs",
        "type": "github"
      }
    },
    "nixpkgs_2": {
      "locked": {
        "lastModified": 1751498133,
        "narHash": "sha256-QWJ+NQbMU+NcU2xiyo7SNox1fAuwksGlQhpzBl76g1I=",
        "owner": "nixos",
        "repo": "nixpkgs",
        "rev": "d55716bb59b91ae9d1ced4b1ccdea7a442ecbfdb",
        "type": "github"
      },
      "original": {
        "owner": "nixos",
        "ref": "nixpkgs-unstable",
        "repo": "nixpkgs",
        "type": "github"
      }
    },
    "nushell": {
      "flake": false,
      "locked": {
        "lastModified": 1760544338,
        "narHash": "sha256-pa+w6mpqZ8PQpYljRIscCwQsuJIeekB876v8Z+Fazbo=",
        "owner": "nushell",
        "repo": "nushell",
        "rev": "ddafef92adbde70f76ae51a7582480e2a6fc24f1",
        "type": "github"
      },
      "original": {
        "owner": "nushell",
        "repo": "nushell",
        "type": "github"
      }
    },
    "reedline": {
      "inputs": {
        "flake-utils": "flake-utils_2",
        "nixpkgs": "nixpkgs_2",
        "reedline": "reedline_2"
      },
      "locked": {
        "dir": "reedline",
        "lastModified": 1760617035,
        "narHash": "sha256-08mZT+4Kc4z/vrphdIWkNJGtm9YS7CR5SgIv/2AZ/sw=",
        "owner": "yuko1101",
        "repo": "nixinized",
        "rev": "ba052ca4a070faeec53efe20eee2a8597adfb7d3",
        "type": "github"
      },
      "original": {
        "dir": "reedline",
        "owner": "yuko1101",
        "repo": "nixinized",
        "type": "github"
      }
    },
    "reedline_2": {
      "flake": false,
      "locked": {
        "lastModified": 1760559229,
        "narHash": "sha256-COlgcI7hmjkVFqgBDvLLqp5iORsXNGb9yWUOa/KQT9I=",
        "owner": "nushell",
        "repo": "reedline",
        "rev": "0bb9acad41e659866fc567e7f638ece881489d6c",
        "type": "github"
      },
      "original": {
        "owner": "nushell",
        "repo": "reedline",
        "type": "github"
      }
    },
    "root": {
      "inputs": {
        "flake-utils": "flake-utils",
        "nixpkgs": "nixpkgs",
        "nushell": "nushell",
        "reedline": "reedline"
      }
    },
    "systems": {
      "locked": {
        "lastModified": 1681028828,
        "narHash": "sha256-Vy1rq5AaRuLzOxct8nz4T6wlgyUR7zLU309k9mBC768=",
        "owner": "nix-systems",
        "repo": "default",
        "rev": "da67096a3b9bf56a91d16901293e51ba5b49a27e",
        "type": "github"
      },
      "original": {
        "owner": "nix-systems",
        "repo": "default",
        "type": "github"
      }
    },
    "systems_2": {
      "locked": {
        "lastModified": 1681028828,
        "narHash": "sha256-Vy1rq5AaRuLzOxct8nz4T6wlgyUR7zLU309k9mBC768=",
        "owner": "nix-systems",
        "repo": "default",
        "rev": "da67096a3b9bf56a91d16901293e51ba5b49a27e",
        "type": "github"
      },
      "original": {
        "owner": "nix-systems",
        "repo": "default",
        "type": "github"
      }
    }
  },
  "root": "root",
  "version": 7
}
